
Microsoft Visual Studio Solution File, Format Version 12.00
# Visual Studio Version 16
VisualStudioVersion = 16.0.31205.134
MinimumVisualStudioVersion = 10.0.40219.1
Project("{FAE04EC0-301F-11D3-BF4B-00C04F79EFBC}") = "Phonebook", "Phonebook.csproj", "{4C1AB833-70F6-487D-A32D-80EC58716C94}"
EndProject
Global
	GlobalSection(SolutionConfigurationPlatforms) = preSolution
		Debug|Any CPU = Debug|Any CPU
		Release|Any CPU = Release|Any CPU
	EndGlobalSection
	GlobalSection(ProjectConfigurationPlatforms) = postSolution
		{4C1AB833-70F6-487D-A32D-80EC58716C94}.Debug|Any CPU.ActiveCfg = Debug|Any CPU
		{4C1AB833-70F6-487D-A32D-80EC58716C94}.Debug|Any CPU.Build.0 = Debug|Any CPU
		{4C1AB833-70F6-487D-A32D-80EC58716C94}.Release|Any CPU.ActiveCfg = Release|Any CPU
		{4C1AB833-70F6-487D-A32D-80EC58716C94}.Release|Any CPU.Build.0 = Release|Any CPU
	EndGlobalSection
	GlobalSection(SolutionProperties) = preSolution
		HideSolutionNode = FALSE
	EndGlobalSection
	GlobalSection(ExtensibilityGlobals) = postSolution
		SolutionGuid = {85FB5432-0E0F-4A42-B198-32FA32805F86}
	EndGlobalSection
EndGlobal
